Microsoft Visual Studio Solution File, Format Version 11.00
# Visual Studio 2008

Project("{EEBB93C0-9DAB-EBF9-1977-5CB2DA16098A}") = "Ufo-game", "Assembly-CSharp.csproj", "{6409976B-0FE3-824F-6F6E-14F52A3DC2F0}"
EndProject
Global
	GlobalSection(SolutionConfigurationPlatforms) = preSolution
		Debug|Any CPU = Debug|Any CPU
		Release|Any CPU = Release|Any CPU
	EndGlobalSection
	GlobalSection(ProjectConfigurationPlatforms) = postSolution
		{6409976B-0FE3-824F-6F6E-14F52A3DC2F0}.Debug|Any CPU.ActiveCfg = Debug|Any CPU
		{6409976B-0FE3-824F-6F6E-14F52A3DC2F0}.Debug|Any CPU.Build.0 = Debug|Any CPU
		{6409976B-0FE3-824F-6F6E-14F52A3DC2F0}.Release|Any CPU.ActiveCfg = Release|Any CPU
		{6409976B-0FE3-824F-6F6E-14F52A3DC2F0}.Release|Any CPU.Build.0 = Release|Any CPU
	EndGlobalSection
	GlobalSection(SolutionProperties) = preSolution
		HideSolutionNode = FALSE
	EndGlobalSection
	GlobalSection(MonoDevelopProperties) = preSolution
		StartupItem = Assembly-CSharp.csproj
	EndGlobalSection
EndGlobal
