Microsoft Visual Studio Solution File, Format Version 11.00
# Visual Studio 2008

Project("{07F8155E-CC89-FCD5-DD26-767D4AC56C53}") = "ufogame", "Assembly-CSharp.csproj", "{14F06D17-4BB4-A95D-8C9E-5C9B4B90A3F9}"
EndProject
Global
	GlobalSection(SolutionConfigurationPlatforms) = preSolution
		Debug|Any CPU = Debug|Any CPU
		Release|Any CPU = Release|Any CPU
	EndGlobalSection
	GlobalSection(ProjectConfigurationPlatforms) = postSolution
		{14F06D17-4BB4-A95D-8C9E-5C9B4B90A3F9}.Debug|Any CPU.ActiveCfg = Debug|Any CPU
		{14F06D17-4BB4-A95D-8C9E-5C9B4B90A3F9}.Debug|Any CPU.Build.0 = Debug|Any CPU
		{14F06D17-4BB4-A95D-8C9E-5C9B4B90A3F9}.Release|Any CPU.ActiveCfg = Release|Any CPU
		{14F06D17-4BB4-A95D-8C9E-5C9B4B90A3F9}.Release|Any CPU.Build.0 = Release|Any CPU
	EndGlobalSection
	GlobalSection(SolutionProperties) = preSolution
		HideSolutionNode = FALSE
	EndGlobalSection
	GlobalSection(MonoDevelopProperties) = preSolution
		StartupItem = Assembly-CSharp.csproj
	EndGlobalSection
EndGlobal
